
Microsoft Visual Studio Solution File, Format Version 12.00
# Visual Studio Version 16
VisualStudioVersion = 16.0.31328.270
MinimumVisualStudioVersion = 10.0.40219.1
Project("{9A19103F-16F7-4668-BE54-9A1E7A4F7556}") = "ProEventos.API", "ProEventos.API.csproj", "{63414EA3-6491-4B44-BDDB-EA900FA677B3}"
EndProject
Global
	GlobalSection(SolutionConfigurationPlatforms) = preSolution
		Debug|Any CPU = Debug|Any CPU
		Release|Any CPU = Release|Any CPU
	EndGlobalSection
	GlobalSection(ProjectConfigurationPlatforms) = postSolution
		{63414EA3-6491-4B44-BDDB-EA900FA677B3}.Debug|Any CPU.ActiveCfg = Debug|Any CPU
		{63414EA3-6491-4B44-BDDB-EA900FA677B3}.Debug|Any CPU.Build.0 = Debug|Any CPU
		{63414EA3-6491-4B44-BDDB-EA900FA677B3}.Release|Any CPU.ActiveCfg = Release|Any CPU
		{63414EA3-6491-4B44-BDDB-EA900FA677B3}.Release|Any CPU.Build.0 = Release|Any CPU
	EndGlobalSection
	GlobalSection(SolutionProperties) = preSolution
		HideSolutionNode = FALSE
	EndGlobalSection
	GlobalSection(ExtensibilityGlobals) = postSolution
		SolutionGuid = {83694AD0-61FD-4652-882F-9DDBB0819DF5}
	EndGlobalSection
EndGlobal
